
Microsoft Visual Studio Solution File, Format Version 12.00
# Visual Studio Version 17
VisualStudioVersion = 17.1.32421.90
MinimumVisualStudioVersion = 10.0.40219.1
Project("{FAE04EC0-301F-11D3-BF4B-00C04F79EFBC}") = "BasicProgram", "BasicProgram\BasicProgram.csproj", "{B3FD85CD-4CF4-427E-B944-9241AC34196E}"
EndProject
Global
	GlobalSection(SolutionConfigurationPlatforms) = preSolution
		Debug|Any CPU = Debug|Any CPU
		Release|Any CPU = Release|Any CPU
	EndGlobalSection
	GlobalSection(ProjectConfigurationPlatforms) = postSolution
		{B3FD85CD-4CF4-427E-B944-9241AC34196E}.Debug|Any CPU.ActiveCfg = Debug|Any CPU
		{B3FD85CD-4CF4-427E-B944-9241AC34196E}.Debug|Any CPU.Build.0 = Debug|Any CPU
		{B3FD85CD-4CF4-427E-B944-9241AC34196E}.Release|Any CPU.ActiveCfg = Release|Any CPU
		{B3FD85CD-4CF4-427E-B944-9241AC34196E}.Release|Any CPU.Build.0 = Release|Any CPU
	EndGlobalSection
	GlobalSection(SolutionProperties) = preSolution
		HideSolutionNode = FALSE
	EndGlobalSection
	GlobalSection(ExtensibilityGlobals) = postSolution
		SolutionGuid = {F44348DB-B133-41A6-AF86-2E0937B4BF06}
	EndGlobalSection
EndGlobal
